
Microsoft Visual Studio Solution File, Format Version 12.00
# Visual Studio Version 17
VisualStudioVersion = 17.11.35208.52
MinimumVisualStudioVersion = 10.0.40219.1
Project("{FAE04EC0-301F-11D3-BF4B-00C04F79EFBC}") = "baitap07a", "baitap07a\baitap07a.csproj", "{180D4105-16D7-4320-A984-F9F9285343B4}"
EndProject
Global
	GlobalSection(SolutionConfigurationPlatforms) = preSolution
		Debug|Any CPU = Debug|Any CPU
		Release|Any CPU = Release|Any CPU
	EndGlobalSection
	GlobalSection(ProjectConfigurationPlatforms) = postSolution
		{180D4105-16D7-4320-A984-F9F9285343B4}.Debug|Any CPU.ActiveCfg = Debug|Any CPU
		{180D4105-16D7-4320-A984-F9F9285343B4}.Debug|Any CPU.Build.0 = Debug|Any CPU
		{180D4105-16D7-4320-A984-F9F9285343B4}.Release|Any CPU.ActiveCfg = Release|Any CPU
		{180D4105-16D7-4320-A984-F9F9285343B4}.Release|Any CPU.Build.0 = Release|Any CPU
	EndGlobalSection
	GlobalSection(SolutionProperties) = preSolution
		HideSolutionNode = FALSE
	EndGlobalSection
	GlobalSection(ExtensibilityGlobals) = postSolution
		SolutionGuid = {B50BFA76-690B-4F3B-9512-278DD093A3A0}
	EndGlobalSection
EndGlobal
