
Microsoft Visual Studio Solution File, Format Version 12.00
# Visual Studio Version 17
VisualStudioVersion = 17.11.35312.102
MinimumVisualStudioVersion = 10.0.40219.1
Project("{FAE04EC0-301F-11D3-BF4B-00C04F79EFBC}") = "BTthuchanhCRUD", "BTthuchanhCRUD\BTthuchanhCRUD.csproj", "{CCA11546-119F-40A5-A94E-DDDA8B17DCD9}"
EndProject
Global
	GlobalSection(SolutionConfigurationPlatforms) = preSolution
		Debug|Any CPU = Debug|Any CPU
		Release|Any CPU = Release|Any CPU
	EndGlobalSection
	GlobalSection(ProjectConfigurationPlatforms) = postSolution
		{CCA11546-119F-40A5-A94E-DDDA8B17DCD9}.Debug|Any CPU.ActiveCfg = Debug|Any CPU
		{CCA11546-119F-40A5-A94E-DDDA8B17DCD9}.Debug|Any CPU.Build.0 = Debug|Any CPU
		{CCA11546-119F-40A5-A94E-DDDA8B17DCD9}.Release|Any CPU.ActiveCfg = Release|Any CPU
		{CCA11546-119F-40A5-A94E-DDDA8B17DCD9}.Release|Any CPU.Build.0 = Release|Any CPU
	EndGlobalSection
	GlobalSection(SolutionProperties) = preSolution
		HideSolutionNode = FALSE
	EndGlobalSection
	GlobalSection(ExtensibilityGlobals) = postSolution
		SolutionGuid = {27EC60A4-ACEA-479A-AF55-809ACBD90F6E}
	EndGlobalSection
EndGlobal
